# This file is generated by running "yarn install" inside your project.
# Manual changes might be lost - proceed with caution!

__metadata:
  version: 6
  cacheKey: 8

"Clothes in Boxes@workspace:.":
  version: 0.0.0-use.local
  resolution: "Clothes in Boxes@workspace:."
  dependencies:
    react: ^18.2.0
    react-crud-table: ^0.3.1
    uuid: ^9.0.0
  languageName: unknown
  linkType: soft

"bem-react-component-creator@npm:^1.2.0":
  version: 1.2.0
  resolution: "bem-react-component-creator@npm:1.2.0"
  dependencies:
    prop-types: ^15.6.0
    react: ^16.2.0
  checksum: 661b2f4608acc95b05ba5320bb47f24a520f2fb60ce388be293f035a5253d5ad90c9e8ea90d1a98e46c27391495fb891ebd4fe7f2983a49d6fd018c95a10fe75
  languageName: node
  linkType: hard

"create-react-class@npm:^15.5.2":
  version: 15.7.0
  resolution: "create-react-class@npm:15.7.0"
  dependencies:
    loose-envify: ^1.3.1
    object-assign: ^4.1.1
  checksum: 0c5f43da705fa9f67ec289051dd5780792652d440dfa17cd2c7d8423c1f604609596f895dabf46fda1960ddd93ee96fe1b61ef4d55a94fc4271b07d515486714
  languageName: node
  linkType: hard

"formik@npm:0.11.11":
  version: 0.11.11
  resolution: "formik@npm:0.11.11"
  dependencies:
    lodash.clonedeep: ^4.5.0
    lodash.isequal: 4.5.0
    lodash.topath: 4.5.2
    prop-types: ^15.5.10
    warning: ^3.0.0
  peerDependencies:
    react: ">=15"
  checksum: ce0fde6f1d87fa60afe3a025904e64b6394dccb48dd0739cd1d3aa987b00bad2e15584b03db7ed284b9260748db14fb36459f4768e7b93548e091223c406a0b8
  languageName: node
  linkType: hard

"js-tokens@npm:^3.0.0 || ^4.0.0":
  version: 4.0.0
  resolution: "js-tokens@npm:4.0.0"
  checksum: 8a95213a5a77deb6cbe94d86340e8d9ace2b93bc367790b260101d2f36a2eaf4e4e22d9fa9cf459b38af3a32fb4190e638024cf82ec95ef708680e405ea7cc78
  languageName: node
  linkType: hard

"lodash.clonedeep@npm:^4.5.0":
  version: 4.5.0
  resolution: "lodash.clonedeep@npm:4.5.0"
  checksum: 92c46f094b064e876a23c97f57f81fbffd5d760bf2d8a1c61d85db6d1e488c66b0384c943abee4f6af7debf5ad4e4282e74ff83177c9e63d8ff081a4837c3489
  languageName: node
  linkType: hard

"lodash.isequal@npm:4.5.0":
  version: 4.5.0
  resolution: "lodash.isequal@npm:4.5.0"
  checksum: da27515dc5230eb1140ba65ff8de3613649620e8656b19a6270afe4866b7bd461d9ba2ac8a48dcc57f7adac4ee80e1de9f965d89d4d81a0ad52bb3eec2609644
  languageName: node
  linkType: hard

"lodash.topath@npm:4.5.2":
  version: 4.5.2
  resolution: "lodash.topath@npm:4.5.2"
  checksum: 04583e220f4bb1c4ac0008ff8f46d9cb4ddce0ea1090085790da30a41f4cb1b904d885cb73257fca619fa825cd96f9bb97c67d039635cb76056e18f5e08bfdee
  languageName: node
  linkType: hard

"loose-envify@npm:^1.0.0, loose-envify@npm:^1.1.0, loose-envify@npm:^1.3.1, loose-envify@npm:^1.4.0":
  version: 1.4.0
  resolution: "loose-envify@npm:1.4.0"
  dependencies:
    js-tokens: ^3.0.0 || ^4.0.0
  bin:
    loose-envify: cli.js
  checksum: 6517e24e0cad87ec9888f500c5b5947032cdfe6ef65e1c1936a0c48a524b81e65542c9c3edc91c97d5bddc806ee2a985dbc79be89215d613b1de5db6d1cfe6f4
  languageName: node
  linkType: hard

"moment@npm:^2.22.1":
  version: 2.29.4
  resolution: "moment@npm:2.29.4"
  checksum: 0ec3f9c2bcba38dc2451b1daed5daded747f17610b92427bebe1d08d48d8b7bdd8d9197500b072d14e326dd0ccf3e326b9e3d07c5895d3d49e39b6803b76e80e
  languageName: node
  linkType: hard

"object-assign@npm:^3.0.0":
  version: 3.0.0
  resolution: "object-assign@npm:3.0.0"
  checksum: 56c66a77318aea95b11bd16a65c313e98786cea1db673a7fdd3bc92aced671b35f62a9819ad9cf7846921c773818329636cda5cd1b7c4fa0ce9908440e091dac
  languageName: node
  linkType: hard

"object-assign@npm:^4.1.1":
  version: 4.1.1
  resolution: "object-assign@npm:4.1.1"
  checksum: fcc6e4ea8c7fe48abfbb552578b1c53e0d194086e2e6bbbf59e0a536381a292f39943c6e9628af05b5528aa5e3318bb30d6b2e53cadaf5b8fe9e12c4b69af23f
  languageName: node
  linkType: hard

"prop-types@npm:^15.5.10, prop-types@npm:^15.5.7, prop-types@npm:^15.6.0, prop-types@npm:^15.6.2, prop-types@npm:^15.7.2":
  version: 15.8.1
  resolution: "prop-types@npm:15.8.1"
  dependencies:
    loose-envify: ^1.4.0
    object-assign: ^4.1.1
    react-is: ^16.13.1
  checksum: c056d3f1c057cb7ff8344c645450e14f088a915d078dcda795041765047fa080d38e5d626560ccaac94a4e16e3aa15f3557c1a9a8d1174530955e992c675e459
  languageName: node
  linkType: hard

"react-crud-table@npm:^0.3.1":
  version: 0.3.1
  resolution: "react-crud-table@npm:0.3.1"
  dependencies:
    bem-react-component-creator: ^1.2.0
    formik: 0.11.11
    moment: ^2.22.1
    prop-types: ^15.7.2
    react: ^17.0.1
    react-datetime: ^2.14.0
  checksum: ccbb915e577f7b4ce38d7a22f447a02f68755d9b2f41cbf6302caf3c8ce8151b7dbf475c6627435a7a0fde3d86611f215a2e39f0ce4c0a84d81333d55cbcaa7d
  languageName: node
  linkType: hard

"react-datetime@npm:^2.14.0":
  version: 2.16.3
  resolution: "react-datetime@npm:2.16.3"
  dependencies:
    create-react-class: ^15.5.2
    object-assign: ^3.0.0
    prop-types: ^15.5.7
    react-onclickoutside: ^6.5.0
  peerDependencies:
    moment: ">=2.16.0"
    react: ">=0.13"
    react-dom: ">=0.13"
  checksum: 802616a8dedd1eb7e39f0a0afb837a15df5529233f39905d9bebef0cb12ceefbb683f17d52de81c8a379ae01d814b2ba05b6eec35e23a7d860b797cac5eb8d94
  languageName: node
  linkType: hard

"react-is@npm:^16.13.1":
  version: 16.13.1
  resolution: "react-is@npm:16.13.1"
  checksum: f7a19ac3496de32ca9ae12aa030f00f14a3d45374f1ceca0af707c831b2a6098ef0d6bdae51bd437b0a306d7f01d4677fcc8de7c0d331eb47ad0f46130e53c5f
  languageName: node
  linkType: hard

"react-onclickoutside@npm:^6.5.0":
  version: 6.13.0
  resolution: "react-onclickoutside@npm:6.13.0"
  peerDependencies:
    react: ^15.5.x || ^16.x || ^17.x || ^18.x
    react-dom: ^15.5.x || ^16.x || ^17.x || ^18.x
  checksum: a7cfe62e91f7f92891cda7b885d6eec7b2854850f8703ccafcea5c04bb93a210a566a70b51b9fae0cc30c3485e04eb6a3f3ae58f495cac3ec2747b4fc44d1ad2
  languageName: node
  linkType: hard

"react@npm:^16.2.0":
  version: 16.14.0
  resolution: "react@npm:16.14.0"
  dependencies:
    loose-envify: ^1.1.0
    object-assign: ^4.1.1
    prop-types: ^15.6.2
  checksum: 8484f3ecb13414526f2a7412190575fc134da785c02695eb92bb6028c930bfe1c238d7be2a125088fec663cc7cda0a3623373c46807cf2c281f49c34b79881ac
  languageName: node
  linkType: hard

"react@npm:^17.0.1":
  version: 17.0.2
  resolution: "react@npm:17.0.2"
  dependencies:
    loose-envify: ^1.1.0
    object-assign: ^4.1.1
  checksum: b254cc17ce3011788330f7bbf383ab653c6848902d7936a87b09d835d091e3f295f7e9dd1597c6daac5dc80f90e778c8230218ba8ad599f74adcc11e33b9d61b
  languageName: node
  linkType: hard

"react@npm:^18.2.0":
  version: 18.2.0
  resolution: "react@npm:18.2.0"
  dependencies:
    loose-envify: ^1.1.0
  checksum: 88e38092da8839b830cda6feef2e8505dec8ace60579e46aa5490fc3dc9bba0bd50336507dc166f43e3afc1c42939c09fe33b25fae889d6f402721dcd78fca1b
  languageName: node
  linkType: hard

"uuid@npm:^9.0.0":
  version: 9.0.0
  resolution: "uuid@npm:9.0.0"
  bin:
    uuid: dist/bin/uuid
  checksum: 8dd2c83c43ddc7e1c71e36b60aea40030a6505139af6bee0f382ebcd1a56f6cd3028f7f06ffb07f8cf6ced320b76aea275284b224b002b289f89fe89c389b028
  languageName: node
  linkType: hard

"warning@npm:^3.0.0":
  version: 3.0.0
  resolution: "warning@npm:3.0.0"
  dependencies:
    loose-envify: ^1.0.0
  checksum: c9f99a12803aab81b29858e7dc3415bf98b41baee3a4c3acdeb680d98c47b6e17490f1087dccc54432deed5711a5ce0ebcda2b27e9b5eb054c32ae50acb4419c
  languageName: node
  linkType: hard
